{
  "name": "file-upload-process",
  "version": "1.0.0",
  "lockfileVersion": 1,
  "requires": true,
  "dependencies": {
    "piglatin": {
      "version": "0.1.2",
      "resolved": "https://registry.npmjs.org/piglatin/-/piglatin-0.1.2.tgz",
      "integrity": "sha1-fupuqq2AdE6UyQA+C23iAqUbgwg="
    }
  }
}
